{
  "version": 4,
  "terraform_version": "1.10.5",
  "serial": 26,
  "lineage": "dc503adf-18f5-6564-5d26-d27b66a4e30c",
  "outputs": {},
  "resources": [
    {
      "mode": "data",
      "type": "azurerm_client_config",
      "name": "current",
      "provider": "provider[\"registry.terraform.io/hashicorp/azurerm\"]",
      "instances": [
        {
          "schema_version": 0,
          "attributes": {
            "client_id": "04b07795-8ddb-461a-bbee-02f9e1bf7b46",
            "id": "Y2xpZW50Q29uZmlncy9jbGllbnRJZD0wNGIwNzc5NS04ZGRiLTQ2MWEtYmJlZS0wMmY5ZTFiZjdiNDY7b2JqZWN0SWQ9N2YxOGM2YWMtZjIzNy00NzIwLWEwMTktMTE3OWRlZmI3YTIxO3N1YnNjcmlwdGlvbklkPTFlZWNkMzY0LTZlOTctNDJhOC1iMzk1LTQyODA1MjA4MTQ3NDt0ZW5hbnRJZD00ODNkMDU0Yy1jNTY1LTRjMWQtODQ5ZS0xMTY4YmEyM2I3YTc=",
            "object_id": "7f18c6ac-f237-4720-a019-1179defb7a21",
            "subscription_id": "1eecd364-6e97-42a8-b395-428052081474",
            "tenant_id": "483d054c-c565-4c1d-849e-1168ba23b7a7",
            "timeouts": null
          },
          "sensitive_attributes": []
        }
      ]
    },
    {
      "mode": "managed",
      "type": "azurerm_application_gateway",
      "name": "appgw",
      "provider": "provider[\"registry.terraform.io/hashicorp/azurerm\"]",
      "instances": [
        {
          "schema_version": 0,
          "attributes": {
            "authentication_certificate": [],
            "autoscale_configuration": [],
            "backend_address_pool": [
              {
                "fqdns": [],
                "id": "/subscriptions/1eecd364-6e97-42a8-b395-428052081474/resourceGroups/mohitkhosla-test-devops-assignment-rg/providers/Microsoft.Network/applicationGateways/ingress/backendAddressPools/mohit-aks-vn-beap",
                "ip_addresses": [],
                "name": "mohit-aks-vn-beap"
              }
            ],
            "backend_http_settings": [
              {
                "affinity_cookie_name": "",
                "authentication_certificate": [],
                "connection_draining": [],
                "cookie_based_affinity": "Disabled",
                "host_name": "",
                "id": "/subscriptions/1eecd364-6e97-42a8-b395-428052081474/resourceGroups/mohitkhosla-test-devops-assignment-rg/providers/Microsoft.Network/applicationGateways/ingress/backendHttpSettingsCollection/mohit-aks-vn-be-htst",
                "name": "mohit-aks-vn-be-htst",
                "path": "",
                "pick_host_name_from_backend_address": false,
                "port": 80,
                "probe_id": "",
                "probe_name": "",
                "protocol": "Http",
                "request_timeout": 1,
                "trusted_root_certificate_names": []
              }
            ],
            "custom_error_configuration": [],
            "enable_http2": false,
            "fips_enabled": false,
            "firewall_policy_id": "",
            "force_firewall_policy_association": false,
            "frontend_ip_configuration": [
              {
                "id": "/subscriptions/1eecd364-6e97-42a8-b395-428052081474/resourceGroups/mohitkhosla-test-devops-assignment-rg/providers/Microsoft.Network/applicationGateways/ingress/frontendIPConfigurations/mohit-aks-vn-feip",
                "name": "mohit-aks-vn-feip",
                "private_ip_address": "",
                "private_ip_address_allocation": "Dynamic",
                "private_link_configuration_id": "",
                "private_link_configuration_name": "",
                "public_ip_address_id": "/subscriptions/1eecd364-6e97-42a8-b395-428052081474/resourceGroups/mohitkhosla-test-devops-assignment-rg/providers/Microsoft.Network/publicIPAddresses/appgw-pip",
                "subnet_id": ""
              }
            ],
            "frontend_port": [
              {
                "id": "/subscriptions/1eecd364-6e97-42a8-b395-428052081474/resourceGroups/mohitkhosla-test-devops-assignment-rg/providers/Microsoft.Network/applicationGateways/ingress/frontendPorts/mohit-aks-vn-feport",
                "name": "mohit-aks-vn-feport",
                "port": 80
              }
            ],
            "gateway_ip_configuration": [
              {
                "id": "/subscriptions/1eecd364-6e97-42a8-b395-428052081474/resourceGroups/mohitkhosla-test-devops-assignment-rg/providers/Microsoft.Network/applicationGateways/ingress/gatewayIPConfigurations/appGatewayIpConfig",
                "name": "appGatewayIpConfig",
                "subnet_id": "/subscriptions/1eecd364-6e97-42a8-b395-428052081474/resourceGroups/mohitkhosla-test-devops-assignment-rg/providers/Microsoft.Network/virtualNetworks/mohit-aks-vn/subnets/mohit-aks-gw"
              }
            ],
            "global": [],
            "http_listener": [
              {
                "custom_error_configuration": [],
                "firewall_policy_id": "",
                "frontend_ip_configuration_id": "/subscriptions/1eecd364-6e97-42a8-b395-428052081474/resourceGroups/mohitkhosla-test-devops-assignment-rg/providers/Microsoft.Network/applicationGateways/ingress/frontendIPConfigurations/mohit-aks-vn-feip",
                "frontend_ip_configuration_name": "mohit-aks-vn-feip",
                "frontend_port_id": "/subscriptions/1eecd364-6e97-42a8-b395-428052081474/resourceGroups/mohitkhosla-test-devops-assignment-rg/providers/Microsoft.Network/applicationGateways/ingress/frontendPorts/mohit-aks-vn-feport",
                "frontend_port_name": "mohit-aks-vn-feport",
                "host_name": "",
                "host_names": [],
                "id": "/subscriptions/1eecd364-6e97-42a8-b395-428052081474/resourceGroups/mohitkhosla-test-devops-assignment-rg/providers/Microsoft.Network/applicationGateways/ingress/httpListeners/mohit-aks-vn-httplstn",
                "name": "mohit-aks-vn-httplstn",
                "protocol": "Http",
                "require_sni": false,
                "ssl_certificate_id": "",
                "ssl_certificate_name": "",
                "ssl_profile_id": "",
                "ssl_profile_name": ""
              }
            ],
            "id": "/subscriptions/1eecd364-6e97-42a8-b395-428052081474/resourceGroups/mohitkhosla-test-devops-assignment-rg/providers/Microsoft.Network/applicationGateways/ingress",
            "identity": [],
            "location": "eastus2",
            "name": "ingress",
            "private_endpoint_connection": [],
            "private_link_configuration": [],
            "probe": [],
            "redirect_configuration": [],
            "request_routing_rule": [
              {
                "backend_address_pool_id": "/subscriptions/1eecd364-6e97-42a8-b395-428052081474/resourceGroups/mohitkhosla-test-devops-assignment-rg/providers/Microsoft.Network/applicationGateways/ingress/backendAddressPools/mohit-aks-vn-beap",
                "backend_address_pool_name": "mohit-aks-vn-beap",
                "backend_http_settings_id": "/subscriptions/1eecd364-6e97-42a8-b395-428052081474/resourceGroups/mohitkhosla-test-devops-assignment-rg/providers/Microsoft.Network/applicationGateways/ingress/backendHttpSettingsCollection/mohit-aks-vn-be-htst",
                "backend_http_settings_name": "mohit-aks-vn-be-htst",
                "http_listener_id": "/subscriptions/1eecd364-6e97-42a8-b395-428052081474/resourceGroups/mohitkhosla-test-devops-assignment-rg/providers/Microsoft.Network/applicationGateways/ingress/httpListeners/mohit-aks-vn-httplstn",
                "http_listener_name": "mohit-aks-vn-httplstn",
                "id": "/subscriptions/1eecd364-6e97-42a8-b395-428052081474/resourceGroups/mohitkhosla-test-devops-assignment-rg/providers/Microsoft.Network/applicationGateways/ingress/requestRoutingRules/mohit-aks-vn-rqrt",
                "name": "mohit-aks-vn-rqrt",
                "priority": 1,
                "redirect_configuration_id": "",
                "redirect_configuration_name": "",
                "rewrite_rule_set_id": "",
                "rewrite_rule_set_name": "",
                "rule_type": "Basic",
                "url_path_map_id": "",
                "url_path_map_name": ""
              }
            ],
            "resource_group_name": "mohitkhosla-test-devops-assignment-rg",
            "rewrite_rule_set": [],
            "sku": [
              {
                "capacity": 1,
                "name": "Standard_v2",
                "tier": "Standard_v2"
              }
            ],
            "ssl_certificate": [],
            "ssl_policy": [
              {
                "cipher_suites": [],
                "disabled_protocols": [],
                "min_protocol_version": "",
                "policy_name": "AppGwSslPolicy20150501",
                "policy_type": "Predefined"
              }
            ],
            "ssl_profile": [],
            "tags": {},
            "timeouts": null,
            "trusted_client_certificate": [],
            "trusted_root_certificate": [],
            "url_path_map": [],
            "waf_configuration": [],
            "zones": []
          },
          "sensitive_attributes": [],
          "private": "eyJlMmJmYjczMC1lY2FhLTExZTYtOGY4OC0zNDM2M2JjN2M0YzAiOnsiY3JlYXRlIjo1NDAwMDAwMDAwMDAwLCJkZWxldGUiOjU0MDAwMDAwMDAwMDAsInJlYWQiOjMwMDAwMDAwMDAwMCwidXBkYXRlIjo1NDAwMDAwMDAwMDAwfX0=",
          "dependencies": [
            "azurerm_public_ip.pip",
            "azurerm_resource_group.main",
            "azurerm_subnet.appgw",
            "azurerm_virtual_network.test"
          ],
          "create_before_destroy": true
        }
      ]
    },
    {
      "mode": "managed",
      "type": "azurerm_container_registry",
      "name": "example",
      "provider": "provider[\"registry.terraform.io/hashicorp/azurerm\"]",
      "instances": [
        {
          "schema_version": 2,
          "attributes": {
            "admin_enabled": false,
            "admin_password": "",
            "admin_username": "",
            "anonymous_pull_enabled": false,
            "data_endpoint_enabled": false,
            "encryption": [
              {
                "enabled": false,
                "identity_client_id": "",
                "key_vault_key_id": ""
              }
            ],
            "export_policy_enabled": true,
            "georeplications": [],
            "id": "/subscriptions/1eecd364-6e97-42a8-b395-428052081474/resourceGroups/mohitkhosla-test-devops-assignment-rg/providers/Microsoft.ContainerRegistry/registries/mohitacrtest",
            "identity": [],
            "location": "eastus2",
            "login_server": "mohitacrtest.azurecr.io",
            "name": "mohitacrtest",
            "network_rule_bypass_option": "AzureServices",
            "network_rule_set": [],
            "public_network_access_enabled": true,
            "quarantine_policy_enabled": false,
            "resource_group_name": "mohitkhosla-test-devops-assignment-rg",
            "retention_policy": [
              {
                "days": 7,
                "enabled": false
              }
            ],
            "sku": "Standard",
            "tags": {},
            "timeouts": null,
            "trust_policy": [
              {
                "enabled": false
              }
            ],
            "zone_redundancy_enabled": false
          },
          "sensitive_attributes": [
            [
              {
                "type": "get_attr",
                "value": "admin_password"
              }
            ]
          ],
          "private": "eyJlMmJmYjczMC1lY2FhLTExZTYtOGY4OC0zNDM2M2JjN2M0YzAiOnsiY3JlYXRlIjoxODAwMDAwMDAwMDAwLCJkZWxldGUiOjE4MDAwMDAwMDAwMDAsInJlYWQiOjMwMDAwMDAwMDAwMCwidXBkYXRlIjoxODAwMDAwMDAwMDAwfSwic2NoZW1hX3ZlcnNpb24iOiIyIn0=",
          "dependencies": [
            "azurerm_resource_group.main"
          ]
        }
      ]
    },
    {
      "mode": "managed",
      "type": "azurerm_disk_encryption_set",
      "name": "des",
      "provider": "provider[\"registry.terraform.io/hashicorp/azurerm\"]",
      "instances": [
        {
          "schema_version": 0,
          "attributes": {
            "auto_key_rotation_enabled": false,
            "encryption_type": "EncryptionAtRestWithCustomerKey",
            "federated_client_id": "",
            "id": "/subscriptions/1eecd364-6e97-42a8-b395-428052081474/resourceGroups/mohitkhosla-test-devops-assignment-rg/providers/Microsoft.Compute/diskEncryptionSets/des",
            "identity": [
              {
                "identity_ids": [],
                "principal_id": "54d5bf43-1a83-41d5-b099-7cc30f3a7dbc",
                "tenant_id": "483d054c-c565-4c1d-849e-1168ba23b7a7",
                "type": "SystemAssigned"
              }
            ],
            "key_vault_key_id": "https://yyoulz-des-keyvault.vault.azure.net/keys/des-key/e3478386929047949e237ed3822d50c4",
            "key_vault_key_url": "https://yyoulz-des-keyvault.vault.azure.net/keys/des-key/e3478386929047949e237ed3822d50c4",
            "location": "eastus2",
            "managed_hsm_key_id": null,
            "name": "des",
            "resource_group_name": "mohitkhosla-test-devops-assignment-rg",
            "tags": {},
            "timeouts": null
          },
          "sensitive_attributes": [],
          "private": "eyJlMmJmYjczMC1lY2FhLTExZTYtOGY4OC0zNDM2M2JjN2M0YzAiOnsiY3JlYXRlIjozNjAwMDAwMDAwMDAwLCJkZWxldGUiOjM2MDAwMDAwMDAwMDAsInJlYWQiOjMwMDAwMDAwMDAwMCwidXBkYXRlIjozNjAwMDAwMDAwMDAwfX0=",
          "dependencies": [
            "azurerm_key_vault.des_vault",
            "azurerm_key_vault_access_policy.current_user",
            "azurerm_key_vault_key.des_key",
            "azurerm_resource_group.main",
            "data.azurerm_client_config.current",
            "module.public_ip.data.curl.big_data_cloud",
            "module.public_ip.data.curl.ifconfig_me",
            "module.public_ip.data.curl.see_ip",
            "random_string.key_vault_prefix"
          ],
          "create_before_destroy": true
        }
      ]
    },
    {
      "mode": "managed",
      "type": "azurerm_key_vault",
      "name": "des_vault",
      "provider": "provider[\"registry.terraform.io/hashicorp/azurerm\"]",
      "instances": [
        {
          "schema_version": 2,
          "attributes": {
            "access_policy": [
              {
                "application_id": "",
                "certificate_permissions": [],
                "key_permissions": [
                  "Decrypt",
                  "Encrypt"
                ],
                "object_id": "a2900d18-31df-4cad-b177-c0bd8dd15c48",
                "secret_permissions": [],
                "storage_permissions": [],
                "tenant_id": "483d054c-c565-4c1d-849e-1168ba23b7a7"
              },
              {
                "application_id": "",
                "certificate_permissions": [],
                "key_permissions": [
                  "Get",
                  "Create",
                  "Delete",
                  "GetRotationPolicy",
                  "Recover"
                ],
                "object_id": "7f18c6ac-f237-4720-a019-1179defb7a21",
                "secret_permissions": [],
                "storage_permissions": [],
                "tenant_id": "483d054c-c565-4c1d-849e-1168ba23b7a7"
              },
              {
                "application_id": "",
                "certificate_permissions": [],
                "key_permissions": [
                  "Get",
                  "WrapKey",
                  "UnwrapKey"
                ],
                "object_id": "54d5bf43-1a83-41d5-b099-7cc30f3a7dbc",
                "secret_permissions": [],
                "storage_permissions": [],
                "tenant_id": "483d054c-c565-4c1d-849e-1168ba23b7a7"
              }
            ],
            "contact": [],
            "enable_rbac_authorization": false,
            "enabled_for_deployment": false,
            "enabled_for_disk_encryption": true,
            "enabled_for_template_deployment": false,
            "id": "/subscriptions/1eecd364-6e97-42a8-b395-428052081474/resourceGroups/mohitkhosla-test-devops-assignment-rg/providers/Microsoft.KeyVault/vaults/yyoulz-des-keyvault",
            "location": "eastus2",
            "name": "yyoulz-des-keyvault",
            "network_acls": [
              {
                "bypass": "AzureServices",
                "default_action": "Allow",
                "ip_rules": [
                  "0.0.0.0/0"
                ],
                "virtual_network_subnet_ids": []
              }
            ],
            "public_network_access_enabled": true,
            "purge_protection_enabled": true,
            "resource_group_name": "mohitkhosla-test-devops-assignment-rg",
            "sku_name": "premium",
            "soft_delete_retention_days": 7,
            "tags": {},
            "tenant_id": "483d054c-c565-4c1d-849e-1168ba23b7a7",
            "timeouts": null,
            "vault_uri": "https://yyoulz-des-keyvault.vault.azure.net/"
          },
          "sensitive_attributes": [],
          "private": "eyJlMmJmYjczMC1lY2FhLTExZTYtOGY4OC0zNDM2M2JjN2M0YzAiOnsiY3JlYXRlIjoxODAwMDAwMDAwMDAwLCJkZWxldGUiOjE4MDAwMDAwMDAwMDAsInJlYWQiOjMwMDAwMDAwMDAwMCwidXBkYXRlIjoxODAwMDAwMDAwMDAwfSwic2NoZW1hX3ZlcnNpb24iOiIyIn0=",
          "dependencies": [
            "azurerm_resource_group.main",
            "data.azurerm_client_config.current",
            "module.public_ip.data.curl.big_data_cloud",
            "module.public_ip.data.curl.ifconfig_me",
            "module.public_ip.data.curl.see_ip",
            "random_string.key_vault_prefix"
          ],
          "create_before_destroy": true
        }
      ]
    },
    {
      "mode": "managed",
      "type": "azurerm_key_vault_access_policy",
      "name": "current_user",
      "provider": "provider[\"registry.terraform.io/hashicorp/azurerm\"]",
      "instances": [
        {
          "schema_version": 0,
          "attributes": {
            "application_id": "",
            "certificate_permissions": [],
            "id": "/subscriptions/1eecd364-6e97-42a8-b395-428052081474/resourceGroups/mohitkhosla-test-devops-assignment-rg/providers/Microsoft.KeyVault/vaults/yyoulz-des-keyvault/objectId/7f18c6ac-f237-4720-a019-1179defb7a21",
            "key_permissions": [
              "Get",
              "Create",
              "Delete",
              "GetRotationPolicy",
              "Recover"
            ],
            "key_vault_id": "/subscriptions/1eecd364-6e97-42a8-b395-428052081474/resourceGroups/mohitkhosla-test-devops-assignment-rg/providers/Microsoft.KeyVault/vaults/yyoulz-des-keyvault",
            "object_id": "7f18c6ac-f237-4720-a019-1179defb7a21",
            "secret_permissions": [],
            "storage_permissions": [],
            "tenant_id": "483d054c-c565-4c1d-849e-1168ba23b7a7",
            "timeouts": null
          },
          "sensitive_attributes": [],
          "private": "eyJlMmJmYjczMC1lY2FhLTExZTYtOGY4OC0zNDM2M2JjN2M0YzAiOnsiY3JlYXRlIjoxODAwMDAwMDAwMDAwLCJkZWxldGUiOjE4MDAwMDAwMDAwMDAsInJlYWQiOjMwMDAwMDAwMDAwMCwidXBkYXRlIjoxODAwMDAwMDAwMDAwfX0=",
          "dependencies": [
            "azurerm_key_vault.des_vault",
            "azurerm_resource_group.main",
            "data.azurerm_client_config.current",
            "module.public_ip.data.curl.big_data_cloud",
            "module.public_ip.data.curl.ifconfig_me",
            "module.public_ip.data.curl.see_ip",
            "random_string.key_vault_prefix"
          ],
          "create_before_destroy": true
        }
      ]
    },
    {
      "mode": "managed",
      "type": "azurerm_key_vault_access_policy",
      "name": "des",
      "provider": "provider[\"registry.terraform.io/hashicorp/azurerm\"]",
      "instances": [
        {
          "schema_version": 0,
          "attributes": {
            "application_id": "",
            "certificate_permissions": [],
            "id": "/subscriptions/1eecd364-6e97-42a8-b395-428052081474/resourceGroups/mohitkhosla-test-devops-assignment-rg/providers/Microsoft.KeyVault/vaults/yyoulz-des-keyvault/objectId/54d5bf43-1a83-41d5-b099-7cc30f3a7dbc",
            "key_permissions": [
              "Get",
              "WrapKey",
              "UnwrapKey"
            ],
            "key_vault_id": "/subscriptions/1eecd364-6e97-42a8-b395-428052081474/resourceGroups/mohitkhosla-test-devops-assignment-rg/providers/Microsoft.KeyVault/vaults/yyoulz-des-keyvault",
            "object_id": "54d5bf43-1a83-41d5-b099-7cc30f3a7dbc",
            "secret_permissions": [],
            "storage_permissions": [],
            "tenant_id": "483d054c-c565-4c1d-849e-1168ba23b7a7",
            "timeouts": null
          },
          "sensitive_attributes": [],
          "private": "eyJlMmJmYjczMC1lY2FhLTExZTYtOGY4OC0zNDM2M2JjN2M0YzAiOnsiY3JlYXRlIjoxODAwMDAwMDAwMDAwLCJkZWxldGUiOjE4MDAwMDAwMDAwMDAsInJlYWQiOjMwMDAwMDAwMDAwMCwidXBkYXRlIjoxODAwMDAwMDAwMDAwfX0=",
          "dependencies": [
            "azurerm_disk_encryption_set.des",
            "azurerm_key_vault.des_vault",
            "azurerm_key_vault_access_policy.current_user",
            "azurerm_key_vault_key.des_key",
            "azurerm_resource_group.main",
            "data.azurerm_client_config.current",
            "module.public_ip.data.curl.big_data_cloud",
            "module.public_ip.data.curl.ifconfig_me",
            "module.public_ip.data.curl.see_ip",
            "random_string.key_vault_prefix"
          ]
        }
      ]
    },
    {
      "mode": "managed",
      "type": "azurerm_key_vault_access_policy",
      "name": "kms",
      "provider": "provider[\"registry.terraform.io/hashicorp/azurerm\"]",
      "instances": [
        {
          "schema_version": 0,
          "attributes": {
            "application_id": "",
            "certificate_permissions": [],
            "id": "/subscriptions/1eecd364-6e97-42a8-b395-428052081474/resourceGroups/mohitkhosla-test-devops-assignment-rg/providers/Microsoft.KeyVault/vaults/yyoulz-des-keyvault/objectId/a2900d18-31df-4cad-b177-c0bd8dd15c48",
            "key_permissions": [
              "Decrypt",
              "Encrypt"
            ],
            "key_vault_id": "/subscriptions/1eecd364-6e97-42a8-b395-428052081474/resourceGroups/mohitkhosla-test-devops-assignment-rg/providers/Microsoft.KeyVault/vaults/yyoulz-des-keyvault",
            "object_id": "a2900d18-31df-4cad-b177-c0bd8dd15c48",
            "secret_permissions": [],
            "storage_permissions": [],
            "tenant_id": "483d054c-c565-4c1d-849e-1168ba23b7a7",
            "timeouts": null
          },
          "sensitive_attributes": [],
          "private": "eyJlMmJmYjczMC1lY2FhLTExZTYtOGY4OC0zNDM2M2JjN2M0YzAiOnsiY3JlYXRlIjoxODAwMDAwMDAwMDAwLCJkZWxldGUiOjE4MDAwMDAwMDAwMDAsInJlYWQiOjMwMDAwMDAwMDAwMCwidXBkYXRlIjoxODAwMDAwMDAwMDAwfX0=",
          "dependencies": [
            "azurerm_key_vault.des_vault",
            "azurerm_resource_group.main",
            "azurerm_user_assigned_identity.test",
            "data.azurerm_client_config.current",
            "module.public_ip.data.curl.big_data_cloud",
            "module.public_ip.data.curl.ifconfig_me",
            "module.public_ip.data.curl.see_ip",
            "random_string.key_vault_prefix"
          ]
        }
      ]
    },
    {
      "mode": "managed",
      "type": "azurerm_key_vault_key",
      "name": "des_key",
      "provider": "provider[\"registry.terraform.io/hashicorp/azurerm\"]",
      "instances": [
        {
          "schema_version": 0,
          "attributes": {
            "curve": "",
            "e": "AQAB",
            "expiration_date": "2025-02-12T00:00:00Z",
            "id": "https://yyoulz-des-keyvault.vault.azure.net/keys/des-key/e3478386929047949e237ed3822d50c4",
            "key_opts": [
              "decrypt",
              "encrypt",
              "sign",
              "unwrapKey",
              "verify",
              "wrapKey"
            ],
            "key_size": 2048,
            "key_type": "RSA-HSM",
            "key_vault_id": "/subscriptions/1eecd364-6e97-42a8-b395-428052081474/resourceGroups/mohitkhosla-test-devops-assignment-rg/providers/Microsoft.KeyVault/vaults/yyoulz-des-keyvault",
            "n": "htBkO3Xh6SXw6hnl88bZYqWKaK3K2azjpFuocHKvjrv59FPYNlvEqRy_yern7RdkVDqMp5R--wFg-M-mMuElCDt07_4tuZabxgvL5Ki2kmQf5OC2IvO2Pr48B-fPqPzVSLzsW5YfdChHu8_uP3gk55R6fQ88L8mH3c3h874cKnYF9BAx0eA8DxZmY4D0Za0K5NuYkxwxOTCfy8Oz7DdkTVn5hO9qANy7w6dUi46eo-29lsyO399ps4FaLjm2e2TuEU0oBH7F_mYqup2YaprA6XsCzrCMdiwMs1otftfgVy95PW0YLYkUTCNtrzynQnNZKuBICiE1k3oZ3d7HtTkFJQ",
            "name": "des-key",
            "not_before_date": null,
            "public_key_openssh": "ssh-rsa AAAAB3NzaC1yc2EAAAADAQABAAABAQCG0GQ7deHpJfDqGeXzxtlipYporcrZrOOkW6hwcq+Ou/n0U9g2W8SpHL/J6uftF2RUOoynlH77AWD4z6Yy4SUIO3Tv/i25lpvGC8vkqLaSZB/k4LYi87Y+vjwH58+o/NVIvOxblh90KEe7z+4/eCTnlHp9DzwvyYfdzeHzvhwqdgX0EDHR4DwPFmZjgPRlrQrk25iTHDE5MJ/Lw7PsN2RNWfmE72oA3LvDp1SLjp6j7b2WzI7f32mzgVouObZ7ZO4RTSgEfsX+Ziq6nZhqmsDpewLOsIx2LAyzWi1+1+BXL3k9bRgtiRRMI22vPKdCc1kq4EgKITWTehnd3se1OQUl\n",
            "public_key_pem": "-----BEGIN PUBLIC KEY-----\nMIIBIjANBgkqhkiG9w0BAQEFAAOCAQ8AMIIBCgKCAQEAhtBkO3Xh6SXw6hnl88bZ\nYqWKaK3K2azjpFuocHKvjrv59FPYNlvEqRy/yern7RdkVDqMp5R++wFg+M+mMuEl\nCDt07/4tuZabxgvL5Ki2kmQf5OC2IvO2Pr48B+fPqPzVSLzsW5YfdChHu8/uP3gk\n55R6fQ88L8mH3c3h874cKnYF9BAx0eA8DxZmY4D0Za0K5NuYkxwxOTCfy8Oz7Ddk\nTVn5hO9qANy7w6dUi46eo+29lsyO399ps4FaLjm2e2TuEU0oBH7F/mYqup2YaprA\n6XsCzrCMdiwMs1otftfgVy95PW0YLYkUTCNtrzynQnNZKuBICiE1k3oZ3d7HtTkF\nJQIDAQAB\n-----END PUBLIC KEY-----\n",
            "resource_id": "/subscriptions/1eecd364-6e97-42a8-b395-428052081474/resourceGroups/mohitkhosla-test-devops-assignment-rg/providers/Microsoft.KeyVault/vaults/yyoulz-des-keyvault/keys/des-key/versions/e3478386929047949e237ed3822d50c4",
            "resource_versionless_id": "/subscriptions/1eecd364-6e97-42a8-b395-428052081474/resourceGroups/mohitkhosla-test-devops-assignment-rg/providers/Microsoft.KeyVault/vaults/yyoulz-des-keyvault/keys/des-key",
            "rotation_policy": [],
            "tags": {},
            "timeouts": null,
            "version": "e3478386929047949e237ed3822d50c4",
            "versionless_id": "https://yyoulz-des-keyvault.vault.azure.net/keys/des-key",
            "x": "",
            "y": ""
          },
          "sensitive_attributes": [],
          "private": "eyJlMmJmYjczMC1lY2FhLTExZTYtOGY4OC0zNDM2M2JjN2M0YzAiOnsiY3JlYXRlIjoxODAwMDAwMDAwMDAwLCJkZWxldGUiOjE4MDAwMDAwMDAwMDAsInJlYWQiOjE4MDAwMDAwMDAwMDAsInVwZGF0ZSI6MTgwMDAwMDAwMDAwMH19",
          "dependencies": [
            "azurerm_key_vault.des_vault",
            "azurerm_key_vault_access_policy.current_user",
            "azurerm_resource_group.main",
            "data.azurerm_client_config.current",
            "module.public_ip.data.curl.big_data_cloud",
            "module.public_ip.data.curl.ifconfig_me",
            "module.public_ip.data.curl.see_ip",
            "random_string.key_vault_prefix"
          ],
          "create_before_destroy": true
        }
      ]
    },
    {
      "mode": "managed",
      "type": "azurerm_key_vault_key",
      "name": "kms",
      "provider": "provider[\"registry.terraform.io/hashicorp/azurerm\"]",
      "instances": [
        {
          "schema_version": 0,
          "attributes": {
            "curve": "",
            "e": "AQAB",
            "expiration_date": "2025-02-12T00:00:00Z",
            "id": "https://yyoulz-des-keyvault.vault.azure.net/keys/etcd-encryption/d1442c768aee4fab89ad3d3b4625a9c9",
            "key_opts": [
              "decrypt",
              "encrypt",
              "sign",
              "unwrapKey",
              "verify",
              "wrapKey"
            ],
            "key_size": 2048,
            "key_type": "RSA",
            "key_vault_id": "/subscriptions/1eecd364-6e97-42a8-b395-428052081474/resourceGroups/mohitkhosla-test-devops-assignment-rg/providers/Microsoft.KeyVault/vaults/yyoulz-des-keyvault",
            "n": "lcl3kwlMG06q2rDxtAzM1apDWjpa6TrV7WBMaZbhHy-0yaFWBuky5YZuxuF_xqow5u7So0h3HLalMV7m6kN8V_gkATaYpKC7Rni_0r-PnISDE3KLsdGPr6_7fOxtINubmjVwaqEs_lfpoO19WYP4m63sxg2us2Hgl3pdIG_MyPZoMWNDQaO5pvO_p9HWCCBwDIUkwoFxJCCR1Ikp0nH92DiAuSdlIdrEeZeA1HsOw2HRTjoyopfvR9y4Use5I_XNvF06RDAxHm4hpFyANd7wUN2H0_kdgvsHkuNf7dVXQg7t9vdIDXSSeEIV1gKtIxIEwXG2V96_D-_W1gy7BxAnMQ",
            "name": "etcd-encryption",
            "not_before_date": null,
            "public_key_openssh": "ssh-rsa AAAAB3NzaC1yc2EAAAADAQABAAABAQCVyXeTCUwbTqrasPG0DMzVqkNaOlrpOtXtYExpluEfL7TJoVYG6TLlhm7G4X/GqjDm7tKjSHcctqUxXubqQ3xX+CQBNpikoLtGeL/Sv4+chIMTcoux0Y+vr/t87G0g25uaNXBqoSz+V+mg7X1Zg/ibrezGDa6zYeCXel0gb8zI9mgxY0NBo7mm87+n0dYIIHAMhSTCgXEkIJHUiSnScf3YOIC5J2Uh2sR5l4DUew7DYdFOOjKil+9H3LhSx7kj9c28XTpEMDEebiGkXIA13vBQ3YfT+R2C+weS41/t1VdCDu3290gNdJJ4QhXWAq0jEgTBcbZX3r8P79bWDLsHECcx\n",
            "public_key_pem": "-----BEGIN PUBLIC KEY-----\nMIIBIjANBgkqhkiG9w0BAQEFAAOCAQ8AMIIBCgKCAQEAlcl3kwlMG06q2rDxtAzM\n1apDWjpa6TrV7WBMaZbhHy+0yaFWBuky5YZuxuF/xqow5u7So0h3HLalMV7m6kN8\nV/gkATaYpKC7Rni/0r+PnISDE3KLsdGPr6/7fOxtINubmjVwaqEs/lfpoO19WYP4\nm63sxg2us2Hgl3pdIG/MyPZoMWNDQaO5pvO/p9HWCCBwDIUkwoFxJCCR1Ikp0nH9\n2DiAuSdlIdrEeZeA1HsOw2HRTjoyopfvR9y4Use5I/XNvF06RDAxHm4hpFyANd7w\nUN2H0/kdgvsHkuNf7dVXQg7t9vdIDXSSeEIV1gKtIxIEwXG2V96/D+/W1gy7BxAn\nMQIDAQAB\n-----END PUBLIC KEY-----\n",
            "resource_id": "/subscriptions/1eecd364-6e97-42a8-b395-428052081474/resourceGroups/mohitkhosla-test-devops-assignment-rg/providers/Microsoft.KeyVault/vaults/yyoulz-des-keyvault/keys/etcd-encryption/versions/d1442c768aee4fab89ad3d3b4625a9c9",
            "resource_versionless_id": "/subscriptions/1eecd364-6e97-42a8-b395-428052081474/resourceGroups/mohitkhosla-test-devops-assignment-rg/providers/Microsoft.KeyVault/vaults/yyoulz-des-keyvault/keys/etcd-encryption",
            "rotation_policy": [],
            "tags": {},
            "timeouts": null,
            "version": "d1442c768aee4fab89ad3d3b4625a9c9",
            "versionless_id": "https://yyoulz-des-keyvault.vault.azure.net/keys/etcd-encryption",
            "x": "",
            "y": ""
          },
          "sensitive_attributes": [],
          "private": "eyJlMmJmYjczMC1lY2FhLTExZTYtOGY4OC0zNDM2M2JjN2M0YzAiOnsiY3JlYXRlIjoxODAwMDAwMDAwMDAwLCJkZWxldGUiOjE4MDAwMDAwMDAwMDAsInJlYWQiOjE4MDAwMDAwMDAwMDAsInVwZGF0ZSI6MTgwMDAwMDAwMDAwMH19",
          "dependencies": [
            "azurerm_key_vault.des_vault",
            "azurerm_key_vault_access_policy.current_user",
            "azurerm_resource_group.main",
            "data.azurerm_client_config.current",
            "module.public_ip.data.curl.big_data_cloud",
            "module.public_ip.data.curl.ifconfig_me",
            "module.public_ip.data.curl.see_ip",
            "random_string.key_vault_prefix"
          ]
        }
      ]
    },
    {
      "mode": "managed",
      "type": "azurerm_log_analytics_solution",
      "name": "main",
      "provider": "provider[\"registry.terraform.io/hashicorp/azurerm\"]",
      "instances": [
        {
          "schema_version": 1,
          "attributes": {
            "id": "/subscriptions/1eecd364-6e97-42a8-b395-428052081474/resourceGroups/mohitkhosla-test-devops-assignment-rg/providers/Microsoft.OperationsManagement/solutions/ContainerInsights(prefix-workspace)",
            "location": "eastus2",
            "plan": [
              {
                "name": "ContainerInsights(prefix-workspace)",
                "product": "OMSGallery/ContainerInsights",
                "promotion_code": "",
                "publisher": "Microsoft"
              }
            ],
            "resource_group_name": "mohitkhosla-test-devops-assignment-rg",
            "solution_name": "ContainerInsights",
            "tags": {},
            "timeouts": null,
            "workspace_name": "prefix-workspace",
            "workspace_resource_id": "/subscriptions/1eecd364-6e97-42a8-b395-428052081474/resourceGroups/mohitkhosla-test-devops-assignment-rg/providers/Microsoft.OperationalInsights/workspaces/prefix-workspace"
          },
          "sensitive_attributes": [],
          "private": "eyJlMmJmYjczMC1lY2FhLTExZTYtOGY4OC0zNDM2M2JjN2M0YzAiOnsiY3JlYXRlIjoxODAwMDAwMDAwMDAwLCJkZWxldGUiOjE4MDAwMDAwMDAwMDAsInJlYWQiOjMwMDAwMDAwMDAwMCwidXBkYXRlIjoxODAwMDAwMDAwMDAwfSwic2NoZW1hX3ZlcnNpb24iOiIxIn0=",
          "dependencies": [
            "azurerm_log_analytics_workspace.main",
            "azurerm_resource_group.main"
          ]
        }
      ]
    },
    {
      "mode": "managed",
      "type": "azurerm_log_analytics_workspace",
      "name": "main",
      "provider": "provider[\"registry.terraform.io/hashicorp/azurerm\"]",
      "instances": [
        {
          "schema_version": 3,
          "attributes": {
            "allow_resource_only_permissions": true,
            "cmk_for_query_forced": false,
            "daily_quota_gb": -1,
            "data_collection_rule_id": "",
            "id": "/subscriptions/1eecd364-6e97-42a8-b395-428052081474/resourceGroups/mohitkhosla-test-devops-assignment-rg/providers/Microsoft.OperationalInsights/workspaces/prefix-workspace",
            "identity": [],
            "immediate_data_purge_on_30_days_enabled": false,
            "internet_ingestion_enabled": true,
            "internet_query_enabled": true,
            "local_authentication_disabled": false,
            "location": "eastus2",
            "name": "prefix-workspace",
            "primary_shared_key": "YmZAaTbIclkAtCBJokBUmVjQVIEQ4oNhvOPZ1AksD2q67+3onFHvc5f7Ry+dcBVQ01kqOD7KgNM8bRAXGzBi/A==",
            "reservation_capacity_in_gb_per_day": null,
            "resource_group_name": "mohitkhosla-test-devops-assignment-rg",
            "retention_in_days": 30,
            "secondary_shared_key": "yCjmjF6YDDvhxP2MiTWRAfeCquT7xS/HjaqX5jOjWwTZ5Gwi4L/XgPlh8vAVdl4hpm4s18Qnz6NNElhtMGl9Ng==",
            "sku": "PerGB2018",
            "tags": {},
            "timeouts": null,
            "workspace_id": "d237a326-974c-46ce-9711-bd382fb84337"
          },
          "sensitive_attributes": [
            [
              {
                "type": "get_attr",
                "value": "secondary_shared_key"
              }
            ],
            [
              {
                "type": "get_attr",
                "value": "primary_shared_key"
              }
            ]
          ],
          "private": "eyJlMmJmYjczMC1lY2FhLTExZTYtOGY4OC0zNDM2M2JjN2M0YzAiOnsiY3JlYXRlIjoxODAwMDAwMDAwMDAwLCJkZWxldGUiOjE4MDAwMDAwMDAwMDAsInJlYWQiOjMwMDAwMDAwMDAwMCwidXBkYXRlIjoxODAwMDAwMDAwMDAwfSwic2NoZW1hX3ZlcnNpb24iOiIzIn0=",
          "dependencies": [
            "azurerm_resource_group.main"
          ],
          "create_before_destroy": true
        }
      ]
    },
    {
      "mode": "managed",
      "type": "azurerm_public_ip",
      "name": "pip",
      "provider": "provider[\"registry.terraform.io/hashicorp/azurerm\"]",
      "instances": [
        {
          "schema_version": 0,
          "attributes": {
            "allocation_method": "Static",
            "ddos_protection_mode": "VirtualNetworkInherited",
            "ddos_protection_plan_id": null,
            "domain_name_label": null,
            "edge_zone": "",
            "fqdn": null,
            "id": "/subscriptions/1eecd364-6e97-42a8-b395-428052081474/resourceGroups/mohitkhosla-test-devops-assignment-rg/providers/Microsoft.Network/publicIPAddresses/appgw-pip",
            "idle_timeout_in_minutes": 4,
            "ip_address": "172.176.227.175",
            "ip_tags": {},
            "ip_version": "IPv4",
            "location": "eastus2",
            "name": "appgw-pip",
            "public_ip_prefix_id": null,
            "resource_group_name": "mohitkhosla-test-devops-assignment-rg",
            "reverse_fqdn": null,
            "sku": "Standard",
            "sku_tier": "Regional",
            "tags": {},
            "timeouts": null,
            "zones": []
          },
          "sensitive_attributes": [],
          "private": "eyJlMmJmYjczMC1lY2FhLTExZTYtOGY4OC0zNDM2M2JjN2M0YzAiOnsiY3JlYXRlIjoxODAwMDAwMDAwMDAwLCJkZWxldGUiOjE4MDAwMDAwMDAwMDAsInJlYWQiOjMwMDAwMDAwMDAwMCwidXBkYXRlIjoxODAwMDAwMDAwMDAwfX0=",
          "dependencies": [
            "azurerm_resource_group.main"
          ],
          "create_before_destroy": true
        }
      ]
    },
    {
      "mode": "managed",
      "type": "azurerm_resource_group",
      "name": "main",
      "provider": "provider[\"registry.terraform.io/hashicorp/azurerm\"]",
      "instances": [
        {
          "schema_version": 0,
          "attributes": {
            "id": "/subscriptions/1eecd364-6e97-42a8-b395-428052081474/resourceGroups/mohitkhosla-test-devops-assignment-rg",
            "location": "eastus2",
            "managed_by": "",
            "name": "mohitkhosla-test-devops-assignment-rg",
            "tags": {},
            "timeouts": null
          },
          "sensitive_attributes": [],
          "private": "eyJlMmJmYjczMC1lY2FhLTExZTYtOGY4OC0zNDM2M2JjN2M0YzAiOnsiY3JlYXRlIjo1NDAwMDAwMDAwMDAwLCJkZWxldGUiOjU0MDAwMDAwMDAwMDAsInJlYWQiOjMwMDAwMDAwMDAwMCwidXBkYXRlIjo1NDAwMDAwMDAwMDAwfX0=",
          "create_before_destroy": true
        }
      ]
    },
    {
      "mode": "managed",
      "type": "azurerm_role_assignment",
      "name": "kms",
      "provider": "provider[\"registry.terraform.io/hashicorp/azurerm\"]",
      "instances": [
        {
          "schema_version": 0,
          "attributes": {
            "condition": "",
            "condition_version": "",
            "delegated_managed_identity_resource_id": "",
            "description": "",
            "id": "/subscriptions/1eecd364-6e97-42a8-b395-428052081474/resourceGroups/mohitkhosla-test-devops-assignment-rg/providers/Microsoft.KeyVault/vaults/yyoulz-des-keyvault/providers/Microsoft.Authorization/roleAssignments/fbe114e7-29c5-0cdf-d1eb-1f430f03b86e",
            "name": "fbe114e7-29c5-0cdf-d1eb-1f430f03b86e",
            "principal_id": "a2900d18-31df-4cad-b177-c0bd8dd15c48",
            "principal_type": "ServicePrincipal",
            "role_definition_id": "/subscriptions/1eecd364-6e97-42a8-b395-428052081474/providers/Microsoft.Authorization/roleDefinitions/f25e0fa2-a7c8-4377-a976-54943a77a395",
            "role_definition_name": "Key Vault Contributor",
            "scope": "/subscriptions/1eecd364-6e97-42a8-b395-428052081474/resourceGroups/mohitkhosla-test-devops-assignment-rg/providers/Microsoft.KeyVault/vaults/yyoulz-des-keyvault",
            "skip_service_principal_aad_check": null,
            "timeouts": null
          },
          "sensitive_attributes": [],
          "private": "eyJlMmJmYjczMC1lY2FhLTExZTYtOGY4OC0zNDM2M2JjN2M0YzAiOnsiY3JlYXRlIjoxODAwMDAwMDAwMDAwLCJkZWxldGUiOjE4MDAwMDAwMDAwMDAsInJlYWQiOjMwMDAwMDAwMDAwMH19",
          "dependencies": [
            "azurerm_key_vault.des_vault",
            "azurerm_resource_group.main",
            "azurerm_user_assigned_identity.test",
            "data.azurerm_client_config.current",
            "module.public_ip.data.curl.big_data_cloud",
            "module.public_ip.data.curl.ifconfig_me",
            "module.public_ip.data.curl.see_ip",
            "random_string.key_vault_prefix"
          ]
        }
      ]
    },
    {
      "mode": "managed",
      "type": "azurerm_subnet",
      "name": "appgw",
      "provider": "provider[\"registry.terraform.io/hashicorp/azurerm\"]",
      "instances": [
        {
          "schema_version": 0,
          "attributes": {
            "address_prefixes": [
              "10.52.1.0/24"
            ],
            "default_outbound_access_enabled": true,
            "delegation": [],
            "enforce_private_link_endpoint_network_policies": false,
            "enforce_private_link_service_network_policies": false,
            "id": "/subscriptions/1eecd364-6e97-42a8-b395-428052081474/resourceGroups/mohitkhosla-test-devops-assignment-rg/providers/Microsoft.Network/virtualNetworks/mohit-aks-vn/subnets/mohit-aks-gw",
            "name": "mohit-aks-gw",
            "private_endpoint_network_policies": "Enabled",
            "private_endpoint_network_policies_enabled": true,
            "private_link_service_network_policies_enabled": true,
            "resource_group_name": "mohitkhosla-test-devops-assignment-rg",
            "service_endpoint_policy_ids": [],
            "service_endpoints": [],
            "timeouts": null,
            "virtual_network_name": "mohit-aks-vn"
          },
          "sensitive_attributes": [],
          "private": "eyJlMmJmYjczMC1lY2FhLTExZTYtOGY4OC0zNDM2M2JjN2M0YzAiOnsiY3JlYXRlIjoxODAwMDAwMDAwMDAwLCJkZWxldGUiOjE4MDAwMDAwMDAwMDAsInJlYWQiOjMwMDAwMDAwMDAwMCwidXBkYXRlIjoxODAwMDAwMDAwMDAwfX0=",
          "dependencies": [
            "azurerm_resource_group.main",
            "azurerm_virtual_network.test"
          ],
          "create_before_destroy": true
        }
      ]
    },
    {
      "mode": "managed",
      "type": "azurerm_subnet",
      "name": "test",
      "provider": "provider[\"registry.terraform.io/hashicorp/azurerm\"]",
      "instances": [
        {
          "schema_version": 0,
          "attributes": {
            "address_prefixes": [
              "10.52.0.0/24"
            ],
            "default_outbound_access_enabled": true,
            "delegation": [],
            "enforce_private_link_endpoint_network_policies": false,
            "enforce_private_link_service_network_policies": false,
            "id": "/subscriptions/1eecd364-6e97-42a8-b395-428052081474/resourceGroups/mohitkhosla-test-devops-assignment-rg/providers/Microsoft.Network/virtualNetworks/mohit-aks-vn/subnets/mohit-aks-sn",
            "name": "mohit-aks-sn",
            "private_endpoint_network_policies": "Enabled",
            "private_endpoint_network_policies_enabled": true,
            "private_link_service_network_policies_enabled": true,
            "resource_group_name": "mohitkhosla-test-devops-assignment-rg",
            "service_endpoint_policy_ids": [],
            "service_endpoints": [],
            "timeouts": null,
            "virtual_network_name": "mohit-aks-vn"
          },
          "sensitive_attributes": [],
          "private": "eyJlMmJmYjczMC1lY2FhLTExZTYtOGY4OC0zNDM2M2JjN2M0YzAiOnsiY3JlYXRlIjoxODAwMDAwMDAwMDAwLCJkZWxldGUiOjE4MDAwMDAwMDAwMDAsInJlYWQiOjMwMDAwMDAwMDAwMCwidXBkYXRlIjoxODAwMDAwMDAwMDAwfX0=",
          "dependencies": [
            "azurerm_resource_group.main",
            "azurerm_virtual_network.test"
          ],
          "create_before_destroy": true
        },
        {
          "deposed": "bc69853c",
          "schema_version": 0,
          "attributes": {
            "address_prefixes": [
              "10.52.0.0/24"
            ],
            "default_outbound_access_enabled": true,
            "delegation": [],
            "enforce_private_link_endpoint_network_policies": false,
            "enforce_private_link_service_network_policies": false,
            "id": "/subscriptions/1eecd364-6e97-42a8-b395-428052081474/resourceGroups/mohitkhosla-test-devops-assignment-rg/providers/Microsoft.Network/virtualNetworks/2bcloud-test-vnet/subnets/2bcloud-test-snet",
            "name": "2bcloud-test-snet",
            "private_endpoint_network_policies": "Enabled",
            "private_endpoint_network_policies_enabled": true,
            "private_link_service_network_policies_enabled": true,
            "resource_group_name": "mohitkhosla-test-devops-assignment-rg",
            "service_endpoint_policy_ids": [],
            "service_endpoints": [],
            "timeouts": null,
            "virtual_network_name": "2bcloud-test-vnet"
          },
          "sensitive_attributes": [],
          "private": "eyJlMmJmYjczMC1lY2FhLTExZTYtOGY4OC0zNDM2M2JjN2M0YzAiOnsiY3JlYXRlIjoxODAwMDAwMDAwMDAwLCJkZWxldGUiOjE4MDAwMDAwMDAwMDAsInJlYWQiOjMwMDAwMDAwMDAwMCwidXBkYXRlIjoxODAwMDAwMDAwMDAwfX0=",
          "dependencies": [
            "azurerm_resource_group.main",
            "azurerm_virtual_network.test"
          ],
          "create_before_destroy": true
        }
      ]
    },
    {
      "mode": "managed",
      "type": "azurerm_user_assigned_identity",
      "name": "test",
      "provider": "provider[\"registry.terraform.io/hashicorp/azurerm\"]",
      "instances": [
        {
          "schema_version": 1,
          "attributes": {
            "client_id": "d7eb8152-1cb9-4711-adbd-729ae45a56fc",
            "id": "/subscriptions/1eecd364-6e97-42a8-b395-428052081474/resourceGroups/mohitkhosla-test-devops-assignment-rg/providers/Microsoft.ManagedIdentity/userAssignedIdentities/2bcloud-test-umi",
            "location": "eastus2",
            "name": "2bcloud-test-umi",
            "principal_id": "a2900d18-31df-4cad-b177-c0bd8dd15c48",
            "resource_group_name": "mohitkhosla-test-devops-assignment-rg",
            "tags": {},
            "tenant_id": "483d054c-c565-4c1d-849e-1168ba23b7a7",
            "timeouts": null
          },
          "sensitive_attributes": [],
          "private": "eyJlMmJmYjczMC1lY2FhLTExZTYtOGY4OC0zNDM2M2JjN2M0YzAiOnsiY3JlYXRlIjoxODAwMDAwMDAwMDAwLCJkZWxldGUiOjE4MDAwMDAwMDAwMDAsInJlYWQiOjMwMDAwMDAwMDAwMCwidXBkYXRlIjoxODAwMDAwMDAwMDAwfSwic2NoZW1hX3ZlcnNpb24iOiIxIn0=",
          "dependencies": [
            "azurerm_resource_group.main"
          ],
          "create_before_destroy": true
        }
      ]
    },
    {
      "mode": "managed",
      "type": "azurerm_virtual_network",
      "name": "test",
      "provider": "provider[\"registry.terraform.io/hashicorp/azurerm\"]",
      "instances": [
        {
          "schema_version": 0,
          "attributes": {
            "address_space": [
              "10.52.0.0/16"
            ],
            "bgp_community": "",
            "ddos_protection_plan": [],
            "dns_servers": [],
            "edge_zone": "",
            "encryption": [],
            "flow_timeout_in_minutes": 0,
            "guid": "7d41263c-6e5e-4a09-be5d-f032cc2729c2",
            "id": "/subscriptions/1eecd364-6e97-42a8-b395-428052081474/resourceGroups/mohitkhosla-test-devops-assignment-rg/providers/Microsoft.Network/virtualNetworks/mohit-aks-vn",
            "location": "eastus2",
            "name": "mohit-aks-vn",
            "resource_group_name": "mohitkhosla-test-devops-assignment-rg",
            "subnet": [
              {
                "address_prefix": "10.52.0.0/24",
                "id": "/subscriptions/1eecd364-6e97-42a8-b395-428052081474/resourceGroups/mohitkhosla-test-devops-assignment-rg/providers/Microsoft.Network/virtualNetworks/mohit-aks-vn/subnets/mohit-aks-sn",
                "name": "mohit-aks-sn",
                "security_group": ""
              },
              {
                "address_prefix": "10.52.1.0/24",
                "id": "/subscriptions/1eecd364-6e97-42a8-b395-428052081474/resourceGroups/mohitkhosla-test-devops-assignment-rg/providers/Microsoft.Network/virtualNetworks/mohit-aks-vn/subnets/mohit-aks-gw",
                "name": "mohit-aks-gw",
                "security_group": ""
              }
            ],
            "tags": {},
            "timeouts": null
          },
          "sensitive_attributes": [],
          "private": "eyJlMmJmYjczMC1lY2FhLTExZTYtOGY4OC0zNDM2M2JjN2M0YzAiOnsiY3JlYXRlIjoxODAwMDAwMDAwMDAwLCJkZWxldGUiOjE4MDAwMDAwMDAwMDAsInJlYWQiOjMwMDAwMDAwMDAwMCwidXBkYXRlIjoxODAwMDAwMDAwMDAwfX0=",
          "dependencies": [
            "azurerm_resource_group.main"
          ],
          "create_before_destroy": true
        },
        {
          "deposed": "7f2ec8f0",
          "schema_version": 0,
          "attributes": {
            "address_space": [
              "10.52.0.0/16"
            ],
            "bgp_community": "",
            "ddos_protection_plan": [],
            "dns_servers": [],
            "edge_zone": "",
            "encryption": [],
            "flow_timeout_in_minutes": 0,
            "guid": "f07111d3-fb90-452f-a9c9-1fc35c582c3e",
            "id": "/subscriptions/1eecd364-6e97-42a8-b395-428052081474/resourceGroups/mohitkhosla-test-devops-assignment-rg/providers/Microsoft.Network/virtualNetworks/2bcloud-test-vnet",
            "location": "eastus2",
            "name": "2bcloud-test-vnet",
            "resource_group_name": "mohitkhosla-test-devops-assignment-rg",
            "subnet": [
              {
                "address_prefix": "10.52.0.0/24",
                "id": "/subscriptions/1eecd364-6e97-42a8-b395-428052081474/resourceGroups/mohitkhosla-test-devops-assignment-rg/providers/Microsoft.Network/virtualNetworks/2bcloud-test-vnet/subnets/2bcloud-test-snet",
                "name": "2bcloud-test-snet",
                "security_group": ""
              }
            ],
            "tags": {},
            "timeouts": null
          },
          "sensitive_attributes": [],
          "private": "eyJlMmJmYjczMC1lY2FhLTExZTYtOGY4OC0zNDM2M2JjN2M0YzAiOnsiY3JlYXRlIjoxODAwMDAwMDAwMDAwLCJkZWxldGUiOjE4MDAwMDAwMDAwMDAsInJlYWQiOjMwMDAwMDAwMDAwMCwidXBkYXRlIjoxODAwMDAwMDAwMDAwfX0=",
          "dependencies": [
            "azurerm_resource_group.main"
          ],
          "create_before_destroy": true
        }
      ]
    },
    {
      "mode": "managed",
      "type": "random_id",
      "name": "prefix",
      "provider": "provider[\"registry.terraform.io/hashicorp/random\"]",
      "instances": [
        {
          "schema_version": 0,
          "attributes": {
            "b64_std": "4td+lmR3+4E=",
            "b64_url": "4td-lmR3-4E",
            "byte_length": 8,
            "dec": "16345672556960283521",
            "hex": "e2d77e966477fb81",
            "id": "4td-lmR3-4E",
            "keepers": null,
            "prefix": null
          },
          "sensitive_attributes": [],
          "private": "bnVsbA=="
        }
      ]
    },
    {
      "mode": "managed",
      "type": "random_string",
      "name": "key_vault_prefix",
      "provider": "provider[\"registry.terraform.io/hashicorp/random\"]",
      "instances": [
        {
          "schema_version": 2,
          "attributes": {
            "id": "yyoulz",
            "keepers": null,
            "length": 6,
            "lower": true,
            "min_lower": 0,
            "min_numeric": 0,
            "min_special": 0,
            "min_upper": 0,
            "number": false,
            "numeric": false,
            "override_special": null,
            "result": "yyoulz",
            "special": false,
            "upper": false
          },
          "sensitive_attributes": [],
          "private": "eyJzY2hlbWFfdmVyc2lvbiI6IjIifQ==",
          "create_before_destroy": true
        }
      ]
    },
    {
      "module": "module.aks",
      "mode": "data",
      "type": "azurerm_client_config",
      "name": "this",
      "provider": "provider[\"registry.terraform.io/hashicorp/azurerm\"]",
      "instances": [
        {
          "schema_version": 0,
          "attributes": {
            "client_id": "04b07795-8ddb-461a-bbee-02f9e1bf7b46",
            "id": "Y2xpZW50Q29uZmlncy9jbGllbnRJZD0wNGIwNzc5NS04ZGRiLTQ2MWEtYmJlZS0wMmY5ZTFiZjdiNDY7b2JqZWN0SWQ9N2YxOGM2YWMtZjIzNy00NzIwLWEwMTktMTE3OWRlZmI3YTIxO3N1YnNjcmlwdGlvbklkPTFlZWNkMzY0LTZlOTctNDJhOC1iMzk1LTQyODA1MjA4MTQ3NDt0ZW5hbnRJZD00ODNkMDU0Yy1jNTY1LTRjMWQtODQ5ZS0xMTY4YmEyM2I3YTc=",
            "object_id": "7f18c6ac-f237-4720-a019-1179defb7a21",
            "subscription_id": "1eecd364-6e97-42a8-b395-428052081474",
            "tenant_id": "483d054c-c565-4c1d-849e-1168ba23b7a7",
            "timeouts": null
          },
          "sensitive_attributes": []
        }
      ]
    },
    {
      "module": "module.aks",
      "mode": "data",
      "type": "azurerm_log_analytics_workspace",
      "name": "main",
      "provider": "provider[\"registry.terraform.io/hashicorp/azurerm\"]",
      "instances": [
        {
          "index_key": 0,
          "schema_version": 0,
          "attributes": {
            "daily_quota_gb": -1,
            "id": "/subscriptions/1eecd364-6e97-42a8-b395-428052081474/resourceGroups/mohitkhosla-test-devops-assignment-rg/providers/Microsoft.OperationalInsights/workspaces/prefix-workspace",
            "location": "eastus2",
            "name": "prefix-workspace",
            "primary_shared_key": "YmZAaTbIclkAtCBJokBUmVjQVIEQ4oNhvOPZ1AksD2q67+3onFHvc5f7Ry+dcBVQ01kqOD7KgNM8bRAXGzBi/A==",
            "resource_group_name": "mohitkhosla-test-devops-assignment-rg",
            "retention_in_days": 30,
            "secondary_shared_key": "yCjmjF6YDDvhxP2MiTWRAfeCquT7xS/HjaqX5jOjWwTZ5Gwi4L/XgPlh8vAVdl4hpm4s18Qnz6NNElhtMGl9Ng==",
            "sku": "PerGB2018",
            "tags": {},
            "timeouts": null,
            "workspace_id": "d237a326-974c-46ce-9711-bd382fb84337"
          },
          "sensitive_attributes": [
            [
              {
                "type": "get_attr",
                "value": "secondary_shared_key"
              }
            ],
            [
              {
                "type": "get_attr",
                "value": "primary_shared_key"
              }
            ]
          ]
        }
      ]
    },
    {
      "module": "module.aks",
      "mode": "data",
      "type": "azurerm_resource_group",
      "name": "aks_rg",
      "provider": "provider[\"registry.terraform.io/hashicorp/azurerm\"]",
      "instances": [
        {
          "index_key": 0,
          "schema_version": 0,
          "attributes": {
            "id": "/subscriptions/1eecd364-6e97-42a8-b395-428052081474/resourceGroups/mohitkhosla-test-devops-assignment-rg",
            "location": "eastus2",
            "managed_by": "",
            "name": "mohitkhosla-test-devops-assignment-rg",
            "tags": {},
            "timeouts": null
          },
          "sensitive_attributes": []
        }
      ]
    },
    {
      "module": "module.aks",
      "mode": "data",
      "type": "azurerm_resource_group",
      "name": "ingress_gw",
      "provider": "provider[\"registry.terraform.io/hashicorp/azurerm\"]",
      "instances": []
    },
    {
      "module": "module.aks",
      "mode": "data",
      "type": "azurerm_resource_group",
      "name": "main",
      "provider": "provider[\"registry.terraform.io/hashicorp/azurerm\"]",
      "instances": [
        {
          "schema_version": 0,
          "attributes": {
            "id": "/subscriptions/1eecd364-6e97-42a8-b395-428052081474/resourceGroups/mohitkhosla-test-devops-assignment-rg",
            "location": "eastus2",
            "managed_by": "",
            "name": "mohitkhosla-test-devops-assignment-rg",
            "tags": {},
            "timeouts": null
          },
          "sensitive_attributes": []
        }
      ]
    },
    {
      "module": "module.aks",
      "mode": "data",
      "type": "azurerm_user_assigned_identity",
      "name": "cluster_identity",
      "provider": "provider[\"registry.terraform.io/hashicorp/azurerm\"]",
      "instances": [
        {
          "index_key": 0,
          "schema_version": 0,
          "attributes": {
            "client_id": "d7eb8152-1cb9-4711-adbd-729ae45a56fc",
            "id": "/subscriptions/1eecd364-6e97-42a8-b395-428052081474/resourceGroups/mohitkhosla-test-devops-assignment-rg/providers/Microsoft.ManagedIdentity/userAssignedIdentities/2bcloud-test-umi",
            "location": "eastus2",
            "name": "2bcloud-test-umi",
            "principal_id": "a2900d18-31df-4cad-b177-c0bd8dd15c48",
            "resource_group_name": "mohitkhosla-test-devops-assignment-rg",
            "tags": {},
            "tenant_id": "483d054c-c565-4c1d-849e-1168ba23b7a7",
            "timeouts": null
          },
          "sensitive_attributes": []
        }
      ]
    },
    {
      "module": "module.aks",
      "mode": "data",
      "type": "azurerm_virtual_network",
      "name": "application_gateway_vnet",
      "provider": "provider[\"registry.terraform.io/hashicorp/azurerm\"]",
      "instances": []
    },
    {
      "module": "module.aks",
      "mode": "managed",
      "type": "azurerm_log_analytics_solution",
      "name": "main",
      "provider": "provider[\"registry.terraform.io/hashicorp/azurerm\"]",
      "instances": []
    },
    {
      "module": "module.aks",
      "mode": "managed",
      "type": "azurerm_log_analytics_workspace",
      "name": "main",
      "provider": "provider[\"registry.terraform.io/hashicorp/azurerm\"]",
      "instances": []
    },
    {
      "module": "module.aks",
      "mode": "managed",
      "type": "null_resource",
      "name": "http_proxy_config_no_proxy_keeper",
      "provider": "provider[\"registry.terraform.io/hashicorp/null\"]",
      "instances": []
    },
    {
      "module": "module.aks",
      "mode": "managed",
      "type": "null_resource",
      "name": "kubernetes_cluster_name_keeper",
      "provider": "provider[\"registry.terraform.io/hashicorp/null\"]",
      "instances": [
        {
          "schema_version": 0,
          "attributes": {
            "id": "5742618352070021321",
            "triggers": {
              "name": "mohitkhosla-test-aks-cluster"
            }
          },
          "sensitive_attributes": [],
          "dependencies": [
            "azurerm_resource_group.main",
            "azurerm_subnet.test",
            "azurerm_virtual_network.test"
          ],
          "create_before_destroy": true
        }
      ]
    },
    {
      "module": "module.aks",
      "mode": "managed",
      "type": "null_resource",
      "name": "kubernetes_version_keeper",
      "provider": "provider[\"registry.terraform.io/hashicorp/null\"]",
      "instances": [
        {
          "schema_version": 0,
          "attributes": {
            "id": "1796208066199034384",
            "triggers": {
              "version": null
            }
          },
          "sensitive_attributes": [],
          "dependencies": [
            "azurerm_resource_group.main",
            "azurerm_subnet.test",
            "azurerm_virtual_network.test"
          ],
          "create_before_destroy": true
        }
      ]
    },
    {
      "module": "module.aks",
      "mode": "managed",
      "type": "null_resource",
      "name": "pool_name_keeper",
      "provider": "provider[\"registry.terraform.io/hashicorp/null\"]",
      "instances": []
    },
    {
      "module": "module.aks",
      "mode": "managed",
      "type": "tls_private_key",
      "name": "ssh",
      "provider": "provider[\"registry.terraform.io/hashicorp/tls\"]",
      "instances": [
        {
          "index_key": 0,
          "schema_version": 1,
          "attributes": {
            "algorithm": "RSA",
            "ecdsa_curve": "P224",
            "id": "e93e80a9a8e2d9502abba6ad2704c0bdb304647a",
            "private_key_openssh": "-----BEGIN OPENSSH PRIVATE KEY-----\nb3BlbnNzaC1rZXktdjEAAAAABG5vbmUAAAAEbm9uZQAAAAAAAAABAAABFwAAAAdz\nc2gtcnNhAAAAAwEAAQAAAQEAyK4LTd723NaNBh9111wdlqvTJ93TODQL0XB85/UH\ns4p1je4h72YFOWZPBwsCShw+DEIplSji68BVqtcG2OTU95/TiKKuI0QjCRocH5JL\nzpl4TDUCHurIq197s9Oe0+eoWMbsMMqoAqU8m10l3Wb+OueitX50oPXO3ZAMpNL+\ne4F5b+0nG2eaeMdzd0i4kBo/SHejxyjcWBTo53FFieeZfs47V0CxN7IvxCG/ln3C\nDSWgAQj9wzrb1PTifnFY5Pce7hU83xrLIfY1dh+ujW1LQ8YtN1qcPpRbiG6WJWMU\n0lMacxRnVYQA/8QvvJRhF0Jrz5yADnUEsYuGnpxJ+JTybwAAA7gxp20PMadtDwAA\nAAdzc2gtcnNhAAABAQDIrgtN3vbc1o0GH3XXXB2Wq9Mn3dM4NAvRcHzn9QezinWN\n7iHvZgU5Zk8HCwJKHD4MQimVKOLrwFWq1wbY5NT3n9OIoq4jRCMJGhwfkkvOmXhM\nNQIe6sirX3uz057T56hYxuwwyqgCpTybXSXdZv4656K1fnSg9c7dkAyk0v57gXlv\n7ScbZ5p4x3N3SLiQGj9Id6PHKNxYFOjncUWJ55l+zjtXQLE3si/EIb+WfcINJaAB\nCP3DOtvU9OJ+cVjk9x7uFTzfGssh9jV2H66NbUtDxi03Wpw+lFuIbpYlYxTSUxpz\nFGdVhAD/xC+8lGEXQmvPnIAOdQSxi4aenEn4lPJvAAAAAwEAAQAAAQBGkAwhgXjE\nBhzoPj+tThKJXDmPFwyiAor1Rdxlo17l3pWfJlCAYRsNJ9A55cEUVgHrRYhhjlLc\nGnEE9T7PHQdVWrmCndElTVwUYz3oTASjzIrkIO9x95Q/zf8tKAf88sPbE3cRYPDa\nnUdGSeZ6hzB1feVUc/aGcmget/v6KMaanjiqKlDsOQj+pq/EVKMRsLZFcgOy7TyW\nekModUzv3qg+tvtJvgRcYuDh9JKb5/FCASQn9xDpQgek/QzE5NqA3QkgAsgmPne+\n0uSyhdv1B9zVRaT21QSLXte/GaQq8KdvWSj4KcXUTFfruu+KUKQSYXNEiE6EFir4\nvAT8PJJvdnEhAAAAgGFH1PB0XUpePOhDYwfJhKOfJ+hlUHm5Cf08fUi9We2zv954\nvLZ9IRAmw2l1VMIpXmQRvlOB8liitc1bZzdjBv+R+NnBGQdy1FIACRUFhQ36/BRW\nETWeuAVHLyp0j01K0693ufwZKD/g9VwVFHEwXW7sKEr1Mxd9KWjBAhXW0FrwAAAA\ngQDd4YtpEN85StUH57kLR21SeRNi5DwupcKspfxxs2Yi+H7XpZX9KjIeq+FRy/Yg\nkDJ/J6WqjOXoVjuYHztr0ghHubfDTr1BMVQ1pbRa9YTK1L/TliypQW4MWvBkczth\nZMt/Q2jCLXeWKYAh0K7QfydD/auL9NWZWA8VhF1SZHiwJQAAAIEA54nnr03r54Pk\nIQ0ijAT00vfqLE1AUFaSeQPRSOpq+grI23FllLK5dwX41cSMBGHzMXTKuDacN7df\nduA8pIi9Z6gftL4Ea8wqViOTjwSDee7uPZWxWwLMx3JD/Xnu+SYoX+/2UjbpIdOc\nwhk4Xk162pyIcusLohuY0VmBrm9wugMAAAAAAQID\n-----END OPENSSH PRIVATE KEY-----\n",
            "private_key_pem": "-----BEGIN RSA PRIVATE KEY-----\nMIIEowIBAAKCAQEAyK4LTd723NaNBh9111wdlqvTJ93TODQL0XB85/UHs4p1je4h\n72YFOWZPBwsCShw+DEIplSji68BVqtcG2OTU95/TiKKuI0QjCRocH5JLzpl4TDUC\nHurIq197s9Oe0+eoWMbsMMqoAqU8m10l3Wb+OueitX50oPXO3ZAMpNL+e4F5b+0n\nG2eaeMdzd0i4kBo/SHejxyjcWBTo53FFieeZfs47V0CxN7IvxCG/ln3CDSWgAQj9\nwzrb1PTifnFY5Pce7hU83xrLIfY1dh+ujW1LQ8YtN1qcPpRbiG6WJWMU0lMacxRn\nVYQA/8QvvJRhF0Jrz5yADnUEsYuGnpxJ+JTybwIDAQABAoIBAEaQDCGBeMQGHOg+\nP61OEolcOY8XDKICivVF3GWjXuXelZ8mUIBhGw0n0DnlwRRWAetFiGGOUtwacQT1\nPs8dB1VauYKd0SVNXBRjPehMBKPMiuQg73H3lD/N/y0oB/zyw9sTdxFg8NqdR0ZJ\n5nqHMHV95VRz9oZyaB63+/ooxpqeOKoqUOw5CP6mr8RUoxGwtkVyA7LtPJZ6Qyh1\nTO/eqD62+0m+BFxi4OH0kpvn8UIBJCf3EOlCB6T9DMTk2oDdCSACyCY+d77S5LKF\n2/UH3NVFpPbVBIte178ZpCrwp29ZKPgpxdRMV+u674pQpBJhc0SIToQWKvi8BPw8\nkm92cSECgYEA3eGLaRDfOUrVB+e5C0dtUnkTYuQ8LqXCrKX8cbNmIvh+16WV/Soy\nHqvhUcv2IJAyfyelqozl6FY7mB87a9IIR7m3w069QTFUNaW0WvWEytS/05YsqUFu\nDFrwZHM7YWTLf0Nowi13limAIdCu0H8nQ/2ri/TVmVgPFYRdUmR4sCUCgYEA54nn\nr03r54PkIQ0ijAT00vfqLE1AUFaSeQPRSOpq+grI23FllLK5dwX41cSMBGHzMXTK\nuDacN7dfduA8pIi9Z6gftL4Ea8wqViOTjwSDee7uPZWxWwLMx3JD/Xnu+SYoX+/2\nUjbpIdOcwhk4Xk162pyIcusLohuY0VmBrm9wugMCgYBOFcoSN7XXW9aM6afdqE14\n8NM5wkjLwdo5GFE3UoNnWzyId+XJKshosuSg/L6pxxV+Wl2bH+rpUS+34YXv9AKl\n+14IhfVktA+GscI/IJiTKTw5ImilSDmKb5aaQ1NqeyaCqx5697VWS1SkkeRzy8vt\nyaBNqORjCvKECAkvrdwrYQKBgQCEtiqx9HvOy24q85hloUGi2q7CjdTbN4PlEScY\nICUJBL1z6l9LB9X+PtIN1QZcTLhUFJlNVR/dX6G8RXL869OEYn0p3/AwyWlKzkF5\nrCCf9y9e5Tou7D/r4bbOxuEOtaxWsPgCz6540Q38wu/oPYi5XRdopwiX9jF1bVRD\nY2S9eQKBgGFH1PB0XUpePOhDYwfJhKOfJ+hlUHm5Cf08fUi9We2zv954vLZ9IRAm\nw2l1VMIpXmQRvlOB8liitc1bZzdjBv+R+NnBGQdy1FIACRUFhQ36/BRWETWeuAVH\nLyp0j01K0693ufwZKD/g9VwVFHEwXW7sKEr1Mxd9KWjBAhXW0Frw\n-----END RSA PRIVATE KEY-----\n",
            "private_key_pem_pkcs8": "-----BEGIN PRIVATE KEY-----\nMIIEvQIBADANBgkqhkiG9w0BAQEFAASCBKcwggSjAgEAAoIBAQDIrgtN3vbc1o0G\nH3XXXB2Wq9Mn3dM4NAvRcHzn9QezinWN7iHvZgU5Zk8HCwJKHD4MQimVKOLrwFWq\n1wbY5NT3n9OIoq4jRCMJGhwfkkvOmXhMNQIe6sirX3uz057T56hYxuwwyqgCpTyb\nXSXdZv4656K1fnSg9c7dkAyk0v57gXlv7ScbZ5p4x3N3SLiQGj9Id6PHKNxYFOjn\ncUWJ55l+zjtXQLE3si/EIb+WfcINJaABCP3DOtvU9OJ+cVjk9x7uFTzfGssh9jV2\nH66NbUtDxi03Wpw+lFuIbpYlYxTSUxpzFGdVhAD/xC+8lGEXQmvPnIAOdQSxi4ae\nnEn4lPJvAgMBAAECggEARpAMIYF4xAYc6D4/rU4SiVw5jxcMogKK9UXcZaNe5d6V\nnyZQgGEbDSfQOeXBFFYB60WIYY5S3BpxBPU+zx0HVVq5gp3RJU1cFGM96EwEo8yK\n5CDvcfeUP83/LSgH/PLD2xN3EWDw2p1HRknmeocwdX3lVHP2hnJoHrf7+ijGmp44\nqipQ7DkI/qavxFSjEbC2RXIDsu08lnpDKHVM796oPrb7Sb4EXGLg4fSSm+fxQgEk\nJ/cQ6UIHpP0MxOTagN0JIALIJj53vtLksoXb9Qfc1UWk9tUEi17XvxmkKvCnb1ko\n+CnF1ExX67rvilCkEmFzRIhOhBYq+LwE/DySb3ZxIQKBgQDd4YtpEN85StUH57kL\nR21SeRNi5DwupcKspfxxs2Yi+H7XpZX9KjIeq+FRy/YgkDJ/J6WqjOXoVjuYHztr\n0ghHubfDTr1BMVQ1pbRa9YTK1L/TliypQW4MWvBkczthZMt/Q2jCLXeWKYAh0K7Q\nfydD/auL9NWZWA8VhF1SZHiwJQKBgQDnieevTevng+QhDSKMBPTS9+osTUBQVpJ5\nA9FI6mr6CsjbcWWUsrl3BfjVxIwEYfMxdMq4Npw3t1924DykiL1nqB+0vgRrzCpW\nI5OPBIN57u49lbFbAszHckP9ee75Jihf7/ZSNukh05zCGTheTXranIhy6wuiG5jR\nWYGub3C6AwKBgE4VyhI3tddb1ozpp92oTXjw0znCSMvB2jkYUTdSg2dbPIh35ckq\nyGiy5KD8vqnHFX5aXZsf6ulRL7fhhe/0AqX7XgiF9WS0D4axwj8gmJMpPDkiaKVI\nOYpvlppDU2p7JoKrHnr3tVZLVKSR5HPLy+3JoE2o5GMK8oQICS+t3CthAoGBAIS2\nKrH0e87LbirzmGWhQaLarsKN1Ns3g+URJxggJQkEvXPqX0sH1f4+0g3VBlxMuFQU\nmU1VH91fobxFcvzr04RifSnf8DDJaUrOQXmsIJ/3L17lOi7sP+vhts7G4Q61rFaw\n+ALPrnjRDfzC7+g9iLldF2inCJf2MXVtVENjZL15AoGAYUfU8HRdSl486ENjB8mE\no58n6GVQebkJ/Tx9SL1Z7bO/3ni8tn0hECbDaXVUwileZBG+U4HyWKK1zVtnN2MG\n/5H42cEZB3LUUgAJFQWFDfr8FFYRNZ64BUcvKnSPTUrTr3e5/BkoP+D1XBUUcTBd\nbuwoSvUzF30paMECFdbQWvA=\n-----END PRIVATE KEY-----\n",
            "public_key_fingerprint_md5": "87:ac:3f:0c:ee:df:36:b7:41:d5:72:e2:86:85:3c:99",
            "public_key_fingerprint_sha256": "SHA256:rmRvveVMgRc1VbMM919f7OVTO2gE+E3DXunQV4M54Hg",
            "public_key_openssh": "ssh-rsa AAAAB3NzaC1yc2EAAAADAQABAAABAQDIrgtN3vbc1o0GH3XXXB2Wq9Mn3dM4NAvRcHzn9QezinWN7iHvZgU5Zk8HCwJKHD4MQimVKOLrwFWq1wbY5NT3n9OIoq4jRCMJGhwfkkvOmXhMNQIe6sirX3uz057T56hYxuwwyqgCpTybXSXdZv4656K1fnSg9c7dkAyk0v57gXlv7ScbZ5p4x3N3SLiQGj9Id6PHKNxYFOjncUWJ55l+zjtXQLE3si/EIb+WfcINJaABCP3DOtvU9OJ+cVjk9x7uFTzfGssh9jV2H66NbUtDxi03Wpw+lFuIbpYlYxTSUxpzFGdVhAD/xC+8lGEXQmvPnIAOdQSxi4aenEn4lPJv\n",
            "public_key_pem": "-----BEGIN PUBLIC KEY-----\nMIIBIjANBgkqhkiG9w0BAQEFAAOCAQ8AMIIBCgKCAQEAyK4LTd723NaNBh9111wd\nlqvTJ93TODQL0XB85/UHs4p1je4h72YFOWZPBwsCShw+DEIplSji68BVqtcG2OTU\n95/TiKKuI0QjCRocH5JLzpl4TDUCHurIq197s9Oe0+eoWMbsMMqoAqU8m10l3Wb+\nOueitX50oPXO3ZAMpNL+e4F5b+0nG2eaeMdzd0i4kBo/SHejxyjcWBTo53FFieeZ\nfs47V0CxN7IvxCG/ln3CDSWgAQj9wzrb1PTifnFY5Pce7hU83xrLIfY1dh+ujW1L\nQ8YtN1qcPpRbiG6WJWMU0lMacxRnVYQA/8QvvJRhF0Jrz5yADnUEsYuGnpxJ+JTy\nbwIDAQAB\n-----END PUBLIC KEY-----\n",
            "rsa_bits": 2048
          },
          "sensitive_attributes": [
            [
              {
                "type": "get_attr",
                "value": "private_key_pem"
              }
            ],
            [
              {
                "type": "get_attr",
                "value": "private_key_openssh"
              }
            ],
            [
              {
                "type": "get_attr",
                "value": "private_key_pem_pkcs8"
              }
            ]
          ],
          "dependencies": [
            "azurerm_resource_group.main",
            "azurerm_subnet.test",
            "azurerm_virtual_network.test"
          ],
          "create_before_destroy": true
        }
      ]
    },
    {
      "module": "module.public_ip",
      "mode": "data",
      "type": "curl",
      "name": "big_data_cloud",
      "provider": "provider[\"registry.terraform.io/anschoewe/curl\"]",
      "instances": [
        {
          "schema_version": 0,
          "attributes": {
            "http_method": "GET",
            "id": "1738754633",
            "response": "{\n  \"ipString\": \"2401:4900:1c09:dc33:acde:1bbd:4a59:ebaf\",\n  \"ipType\": \"IPv6\"\n}",
            "uri": "https://api.bigdatacloud.net/data/client-ip"
          },
          "sensitive_attributes": []
        }
      ]
    },
    {
      "module": "module.public_ip",
      "mode": "data",
      "type": "curl",
      "name": "ifconfig_me",
      "provider": "provider[\"registry.terraform.io/anschoewe/curl\"]",
      "instances": []
    },
    {
      "module": "module.public_ip",
      "mode": "data",
      "type": "curl",
      "name": "see_ip",
      "provider": "provider[\"registry.terraform.io/anschoewe/curl\"]",
      "instances": []
    }
  ],
  "check_results": [
    {
      "object_kind": "resource",
      "config_addr": "module.aks.azurerm_kubernetes_cluster_node_pool.node_pool_create_before_destroy",
      "status": "pass",
      "objects": null
    },
    {
      "object_kind": "resource",
      "config_addr": "module.aks.azurerm_role_assignment.network_contributor_on_subnet",
      "status": "pass",
      "objects": null
    },
    {
      "object_kind": "var",
      "config_addr": "module.aks.var.kms_key_vault_network_access",
      "status": "pass",
      "objects": [
        {
          "object_addr": "module.aks.var.kms_key_vault_network_access",
          "status": "pass"
        }
      ]
    },
    {
      "object_kind": "resource",
      "config_addr": "module.aks.azurerm_kubernetes_cluster_node_pool.node_pool_create_after_destroy",
      "status": "pass",
      "objects": null
    },
    {
      "object_kind": "var",
      "config_addr": "module.aks.var.http_proxy_config",
      "status": "pass",
      "objects": [
        {
          "object_addr": "module.aks.var.http_proxy_config",
          "status": "pass"
        }
      ]
    },
    {
      "object_kind": "var",
      "config_addr": "module.aks.var.identity_type",
      "status": "pass",
      "objects": [
        {
          "object_addr": "module.aks.var.identity_type",
          "status": "pass"
        }
      ]
    },
    {
      "object_kind": "var",
      "config_addr": "module.aks.var.log_analytics_solution",
      "status": "pass",
      "objects": [
        {
          "object_addr": "module.aks.var.log_analytics_solution",
          "status": "pass"
        }
      ]
    },
    {
      "object_kind": "resource",
      "config_addr": "module.aks.azurerm_role_assignment.application_gateway_byo_vnet_network_contributor",
      "status": "pass",
      "objects": null
    },
    {
      "object_kind": "resource",
      "config_addr": "module.aks.azurerm_role_assignment.network_contributor",
      "status": "pass",
      "objects": null
    },
    {
      "object_kind": "resource",
      "config_addr": "module.aks.azurerm_log_analytics_workspace.main",
      "status": "pass",
      "objects": null
    },
    {
      "object_kind": "var",
      "config_addr": "module.aks.var.green_field_application_gateway_for_ingress",
      "status": "pass",
      "objects": [
        {
          "object_addr": "module.aks.var.green_field_application_gateway_for_ingress",
          "status": "pass"
        }
      ]
    },
    {
      "object_kind": "var",
      "config_addr": "module.aks.var.auto_scaler_profile_expander",
      "status": "pass",
      "objects": [
        {
          "object_addr": "module.aks.var.auto_scaler_profile_expander",
          "status": "pass"
        }
      ]
    },
    {
      "object_kind": "var",
      "config_addr": "module.aks.var.support_plan",
      "status": "pass",
      "objects": [
        {
          "object_addr": "module.aks.var.support_plan",
          "status": "pass"
        }
      ]
    },
    {
      "object_kind": "var",
      "config_addr": "module.aks.var.automatic_channel_upgrade",
      "status": "pass",
      "objects": [
        {
          "object_addr": "module.aks.var.automatic_channel_upgrade",
          "status": "pass"
        }
      ]
    },
    {
      "object_kind": "var",
      "config_addr": "module.aks.var.load_balancer_sku",
      "status": "pass",
      "objects": [
        {
          "object_addr": "module.aks.var.load_balancer_sku",
          "status": "pass"
        }
      ]
    },
    {
      "object_kind": "resource",
      "config_addr": "module.aks.azurerm_kubernetes_cluster.main",
      "status": "pass",
      "objects": [
        {
          "object_addr": "module.aks.azurerm_kubernetes_cluster.main",
          "status": "pass"
        }
      ]
    },
    {
      "object_kind": "resource",
      "config_addr": "module.aks.azurerm_role_assignment.existing_application_gateway_contributor",
      "status": "pass",
      "objects": null
    },
    {
      "object_kind": "resource",
      "config_addr": "module.aks.azurerm_role_assignment.application_gateway_existing_vnet_network_contributor",
      "status": "pass",
      "objects": null
    },
    {
      "object_kind": "var",
      "config_addr": "module.aks.var.sku_tier",
      "status": "pass",
      "objects": [
        {
          "object_addr": "module.aks.var.sku_tier",
          "status": "pass"
        }
      ]
    }
  ]
}
